github.com/aws/aws-sdk-go-v2 v1.47.2 h1:4vrR4S7MUdvPiv/fxlYI/FaZCgwKuir2LpXxwCUtwWY=
github.com/aws/aws-sdk-go-v2 v1.47.2/go.mod h1:LYKdgB/k1/omdrfoQuyt6T10CvF1yw27ByBjd+ku1jk=
github.com/aws/aws-sdk-go-v2/aws/protocol/eventstream v1.7.21 h1:WKBWnr7CcxtexN5hlwQm3PQHpOiHC1yL2jT9xV1lst4=
github.com/aws/aws-sdk-go-v2/aws/protocol/eventstream v1.7.21/go.mod h1:wSsHgTuq6+1PF8bYXu69GvAtPwRqu58R54eiU3oJjPA=
github.com/aws/aws-sdk-go-v2/credentials v1.20.8 h1:ibO101be+3jJOMBCJphBXzXm9UzIq+zxr8plM2V3FHw=
github.com/aws/aws-sdk-go-v2/credentials v1.20.8/go.mod h1:gAFU+h+59h6frPO/KUG7sgcToVf1ti8i/VMImKiFpcM=
github.com/aws/aws-sdk-go-v2/internal/configsources v1.5.5 h1:JwchTNw8oqkFWMYrmFmdoS4sYgE6JJcnO+ElvME+uH4=
github.com/aws/aws-sdk-go-v2/internal/configsources v1.5.5/go.mod h1:8pc+vcibD0We5t3f/LqHxjBPkXXfgcjYQN3upxqz/Nw=
github.com/aws/aws-sdk-go-v2/internal/endpoints/v2 v2.8.5 h1:CNgkOhhgJ1anuboBDmjRLCpVlBKFV9cEvT16d4QNl/w=
github.com/aws/aws-sdk-go-v2/internal/endpoints/v2 v2.8.5/go.mod h1:SS3HIANtO8edxa4QkX+8SvbMxRm+k78QoE6EIRI81tU=
github.com/aws/aws-sdk-go-v2/internal/v4a v1.5.5 h1:rkxirozlOuMs3QuaGsDV3ll5suBdeeH6iSLFPyA5zNk=
github.com/aws/aws-sdk-go-v2/internal/v4a v1.5.5/go.mod h1:OQjoYoCdNx6tLyZNEuD0HRfHQVStBIfQyigewExdEVU=
github.com/aws/aws-sdk-go-v2/service/internal/accept-encoding v1.13.20 h1:XBYeuBbMY5LRAKOdZgzUQO1BVj3B07uYAROSapq/IWg=
github.com/aws/aws-sdk-go-v2/service/internal/accept-encoding v1.13.20/go.mod h1:XL6ZfC3ePnooN2u2LT4RNhpr/xs5TiboydyUbgr8Dmg=
github.com/aws/aws-sdk-go-v2/service/internal/checksum v1.11.6 h1:FliCmwxz1mpssINb4n9hkuX1UoReFWyatTQNASP1w7Y=
github.com/aws/aws-sdk-go-v2/service/internal/checksum v1.11.6/go.mod h1:XceXmnKHKFLu0rf8HwaILPRdGdPkec5cE/TRS21Paoc=
github.com/aws/aws-sdk-go-v2/service/internal/presigned-url v1.14.5 h1:Q2MWL+9cTKHHiXWcsPobHiOD+wx8tTc8sWZaFvFSk9Q=
github.com/aws/aws-sdk-go-v2/service/internal/presigned-url v1.14.5/go.mod h1:U8tTityyPbgc90QwGOha8XsrQpLIjpGUS7+Q+4prM+Q=
github.com/aws/aws-sdk-go-v2/service/internal/s3shared v1.20.5 h1:N+38YVfwy+jsA7GtJyTiljl6eBxtdjaz+NZ+FZWWqUk=
github.com/aws/aws-sdk-go-v2/service/internal/s3shared v1.20.5/go.mod h1:/PlQk/JQU5HfvBKMBXbqqLAnmyy/VcfPR9j5OcLmy5s=
github.com/aws/aws-sdk-go-v2/service/s3 v1.114.2 h1:BOB0aJVVaZzjOz7czfgrEJNObTMvu+DEaBrNR+Up4VU=
github.com/aws/aws-sdk-go-v2/service/s3 v1.114.2/go.mod h1:n0cd8OKteromGbGyZfQXziazjV0q+QHDHwlB3miEKw0=
github.com/aws/smithy-go v1.28.4 h1:vzBmFpcRUtotqGPfmnro2W2Pgg3mk103n9sZhNJY9YU=
github.com/aws/smithy-go v1.28.4/go.mod h1:YE2RhdIuDbA5E5bTdciG9KrW3+TiEONeUWCqxX9i1Fc=
github.com/coreos/go-oidc/v3 v3.21.0 h1:wZo4Q9Pum8dYEj0eMUPrqR+kvuGkeUplbLpNCkBqoWM=
github.com/coreos/go-oidc/v3 v3.21.0/go.mod h1:DYCf24+ncYi+XkIH97GY1+dqoRlbaSI26KVTCI9SrY4=
github.com/davecgh/go-spew v1.1.0/go.mod h1:J7Y8YcW2NihsgmVo/mv3lAwl/skON4iLHjSsI+c5H38=
github.com/davecgh/go-spew v1.1.1 h1:vj9j/u1bqnvCEfJOwUhtlOARqs3+rkHYY13jYWTU97c=
github.com/davecgh/go-spew v1.1.1/go.mod h1:J7Y8YcW2NihsgmVo/mv3lAwl/skON4iLHjSsI+c5H38=
github.com/go-jose/go-jose/v4 v4.1.4 h1:moDMcTHmvE6Groj34emNPLs/qtYXRVcd6S7NHbHz3kA=
github.com/go-jose/go-jose/v4 v4.1.4/go.mod h1:x4oUasVrzR7071A4TnHLGSPpNOm2a21K9Kf04k1rs08=
github.com/jackc/pgpassfile v1.0.0 h1:/6Hmqy13Ss2zCq62VdNG8tM1wchn8zjSGOBJ6icpsIM=
github.com/jackc/pgpassfile v1.0.0/go.mod h1:CEx0iS5ambNFdcRtxPj5JhEz+xB6uRky5eyVu/W2HEg=
github.com/jackc/pgservicefile v0.0.0-20240606120523-5a60cdf6a761 h1:iCEnooe7UlwOQYpKFhBabPMi4aNAfoODPEFNiAnClxo=
github.com/jackc/pgservicefile v0.0.0-20240606120523-5a60cdf6a761/go.mod h1:5TJZWKEWniPve33vlWYSoGYefn3gLQRzjfDlhSJ9ZKM=
github.com/jackc/pgx/v5 v5.11.0 h1:IzBBtyK9AHqf98cctWFifYSci2hgQR/cd56wB4p+ogg=
github.com/jackc/pgx/v5 v5.11.0/go.mod h1:mal1tBGAFfLHvZzaYh77YS/eC6IX9OWbRV1QIIM0Jn4=
github.com/jackc/puddle/v2 v2.2.2 h1:PR8nw+E/1w0GLuRFSmiioY6UooMp6KJv0/61nB7icHo=
github.com/jackc/puddle/v2 v2.2.2/go.mod h1:vriiEXHvEE654aYKXXjOvZM39qJ0q+azkZFrfEOc3H4=
github.com/pmezard/go-difflib v1.0.0 h1:4DBwDE0NGyQoBHbLQYPwSUPoCMWR5BEzIk/f1lZbAQM=
github.com/pmezard/go-difflib v1.0.0/go.mod h1:iKH77koFhYxTK1pcRnkKkqfTogsbg7gZNVY4sRDYZ/4=
github.com/stretchr/objx v0.1.0/go.mod h1:HFkY916IF+rwdDfMAkV7OtwuqBVzrE8GR6GFx+wExME=
github.com/stretchr/testify v1.3.0/go.mod h1:M5WIy9Dh21IEIfnGCwXGc5bZfKNJtfHm1UVUgZn+9EI=
github.com/stretchr/testify v1.7.0/go.mod h1:6Fq8oRcR53rry900zMqJjRRixrwX3KX962/h/Wwjteg=
github.com/stretchr/testify v1.11.1 h1:7s2iGBzp5EwR7/aIZr8ao5+dra3wiQyKjjFuvgVKu7U=
github.com/stretchr/testify v1.11.1/go.mod h1:wZwfW3scLgRK+23gO65QZefKpKQRnfz6sD981Nm4B6U=
golang.org/x/crypto v0.57.0 h1:3ZVCjf8Ggz7zneR/EHRVx68Ctf+2pmIMP2UFhh9cC6M=
golang.org/x/crypto v0.57.0/go.mod h1:Fdz0i5U6CoizGwLda9DttjSk6qlZo25zYNtR+ycvuZA=
golang.org/x/image v0.46.0 h1:b1+oYj0Jbp6K5MDT4i4/eZpYlk3V8SJhhDKh6LBHAyQ=
golang.org/x/image v0.46.0/go.mod h1:3B3W05VGVQyuXucLINLjXKrqISASfi4Xj+iCVkLMwew=
golang.org/x/oauth2 v0.37.0 h1:JUlcxA8oAtauLfiH8FX2/FkAWHAdi0QtGCGc+hofE98=
golang.org/x/oauth2 v0.37.0/go.mod h1:IxwZNxUULJmpBFf9K/9NTMSIfZZuvuTy1gGxhigP/58=
golang.org/x/sync v0.23.0 h1:KameEIfc1IkluZyXWLn39Wd4tURc6GbCiISGiZm2bQk=
golang.org/x/sync v0.23.0/go.mod h1:sUUOizhqBxiL6pEWpqNLUiaJn1ShEbZ6BBqskPbjZm0=
golang.org/x/text v0.42.0 h1:JbOZXgfeCPU9gacVtYliJqOhD+zhrEqK4LfdpmlUZqI=
golang.org/x/text v0.42.0/go.mod h1:ojzP1Z+2QtioaF8DTtO8K5q7JWVVYwZKenzujK0Zd0E=
gopkg.in/check.v1 v0.0.0-20161208181325-20d25e280405/go.mod h1:Co6ibVJAznAaIkqp8huTwlJQCZ016jof/cbN4VW5Yz0=
gopkg.in/yaml.v3 v3.0.0-20200313102051-9f266ea9e77c/go.mod h1:K4uyk7z7BCEPqu6E+C64Yfv1cQ7kz7rIZviUmN+EgEM=
gopkg.in/yaml.v3 v3.0.1 h1:fxVm/GzAzEWqLHuvctI91KS9hhNmmWOoWu0XTYJS7CA=
gopkg.in/yaml.v3 v3.0.1/go.mod h1:K4uyk7z7BCEPqu6E+C64Yfv1cQ7kz7rIZviUmN+EgEM=
